
Microsoft Visual Studio Solution File, Format Version 12.00
# Visual Studio Version 17
VisualStudioVersion = 17.14.36203.30
MinimumVisualStudioVersion = 10.0.40219.1
Project("{FAE04EC0-301F-11D3-BF4B-00C04F79EFBC}") = "DangQuangTien_RazorPages", "DangQuangTien_RazorPages\DangQuangTien_RazorPages.csproj", "{EC5FA743-7A84-4E98-AD65-E7EB8FD078FE}"
EndProject
Project("{FAE04EC0-301F-11D3-BF4B-00C04F79EFBC}") = "DAL", "DAL\DAL.csproj", "{6EA18318-350F-4489-B584-37A256E9C209}"
EndProject
Project("{FAE04EC0-301F-11D3-BF4B-00C04F79EFBC}") = "ServiceLayer", "ServiceLayer\ServiceLayer.csproj", "{66D168C2-A8D4-4FB2-8E9C-B2FC210854B4}"
EndProject
Global
	GlobalSection(SolutionConfigurationPlatforms) = preSolution
		Debug|Any CPU = Debug|Any CPU
		Release|Any CPU = Release|Any CPU
	EndGlobalSection
	GlobalSection(ProjectConfigurationPlatforms) = postSolution
		{EC5FA743-7A84-4E98-AD65-E7EB8FD078FE}.Debug|Any CPU.ActiveCfg = Debug|Any CPU
		{EC5FA743-7A84-4E98-AD65-E7EB8FD078FE}.Debug|Any CPU.Build.0 = Debug|Any CPU
		{EC5FA743-7A84-4E98-AD65-E7EB8FD078FE}.Release|Any CPU.ActiveCfg = Release|Any CPU
		{EC5FA743-7A84-4E98-AD65-E7EB8FD078FE}.Release|Any CPU.Build.0 = Release|Any CPU
		{6EA18318-350F-4489-B584-37A256E9C209}.Debug|Any CPU.ActiveCfg = Debug|Any CPU
		{6EA18318-350F-4489-B584-37A256E9C209}.Debug|Any CPU.Build.0 = Debug|Any CPU
		{6EA18318-350F-4489-B584-37A256E9C209}.Release|Any CPU.ActiveCfg = Release|Any CPU
		{6EA18318-350F-4489-B584-37A256E9C209}.Release|Any CPU.Build.0 = Release|Any CPU
		{66D168C2-A8D4-4FB2-8E9C-B2FC210854B4}.Debug|Any CPU.ActiveCfg = Debug|Any CPU
		{66D168C2-A8D4-4FB2-8E9C-B2FC210854B4}.Debug|Any CPU.Build.0 = Debug|Any CPU
		{66D168C2-A8D4-4FB2-8E9C-B2FC210854B4}.Release|Any CPU.ActiveCfg = Release|Any CPU
		{66D168C2-A8D4-4FB2-8E9C-B2FC210854B4}.Release|Any CPU.Build.0 = Release|Any CPU
	EndGlobalSection
	GlobalSection(SolutionProperties) = preSolution
		HideSolutionNode = FALSE
	EndGlobalSection
	GlobalSection(ExtensibilityGlobals) = postSolution
		SolutionGuid = {D6E810EA-0046-45C0-A8B1-FF1B43F47733}
	EndGlobalSection
EndGlobal
